
Microsoft Visual Studio Solution File, Format Version 12.00
# Visual Studio Version 17
VisualStudioVersion = 17.10.34928.147
MinimumVisualStudioVersion = 10.0.40219.1
Project("{9A19103F-16F7-4668-BE54-9A1E7A4F7556}") = "B2BApp.Api", "B2BApp.Api\B2BApp.Api.csproj", "{DD8E83DB-8D5A-4BE0-A35E-7E5F12E73A3B}"
EndProject
Project("{9A19103F-16F7-4668-BE54-9A1E7A4F7556}") = "B2BApp.Core", "B2BApp.Core\B2BApp.Core.csproj", "{CA6B520B-B1BA-4C2C-844E-43FE3BC12969}"
EndProject
Project("{9A19103F-16F7-4668-BE54-9A1E7A4F7556}") = "B2BApp.DataAccess", "B2BApp.DataAccess\B2BApp.DataAccess.csproj", "{DE00CD81-50AE-4316-BF1F-6C29F510C05B}"
EndProject
Project("{9A19103F-16F7-4668-BE54-9A1E7A4F7556}") = "B2BApp.Entities", "B2BApp.Entities\B2BApp.Entities.csproj", "{D0489E58-54BE-4E85-8C01-3A1DA93126B3}"
EndProject
Project("{9A19103F-16F7-4668-BE54-9A1E7A4F7556}") = "B2BApp.Business", "B2BApp.Business\B2BApp.Business.csproj", "{AC5DB2BE-164C-46D7-A1A7-79E898C05AAE}"
EndProject
Project("{9A19103F-16F7-4668-BE54-9A1E7A4F7556}") = "B2BApp.DTOs", "B2BApp.DTOs\B2BApp.DTOs.csproj", "{81F7B481-13E2-4C68-88B5-F88CAE7A5CFD}"
EndProject
Project("{9A19103F-16F7-4668-BE54-9A1E7A4F7556}") = "B2BApp.Web", "B2BApp.Web\B2BApp.Web.csproj", "{59F4C3FE-989A-43BC-88F0-EABA0E2FD9FD}"
EndProject
Project("{9A19103F-16F7-4668-BE54-9A1E7A4F7556}") = "B2BApp.Models", "B2BApp.Models\B2BApp.Models.csproj", "{3223718C-3ADD-408F-8556-E5EF032445AE}"
EndProject
Global
	GlobalSection(SolutionConfigurationPlatforms) = preSolution
		Debug|Any CPU = Debug|Any CPU
		Debug|ARM = Debug|ARM
		Debug|ARM64 = Debug|ARM64
		Debug|x64 = Debug|x64
		Debug|x86 = Debug|x86
		Release|Any CPU = Release|Any CPU
		Release|ARM = Release|ARM
		Release|ARM64 = Release|ARM64
		Release|x64 = Release|x64
		Release|x86 = Release|x86
	EndGlobalSection
	GlobalSection(ProjectConfigurationPlatforms) = postSolution
		{DD8E83DB-8D5A-4BE0-A35E-7E5F12E73A3B}.Debug|Any CPU.ActiveCfg = Debug|Any CPU
		{DD8E83DB-8D5A-4BE0-A35E-7E5F12E73A3B}.Debug|Any CPU.Build.0 = Debug|Any CPU
		{DD8E83DB-8D5A-4BE0-A35E-7E5F12E73A3B}.Debug|ARM.ActiveCfg = Debug|Any CPU
		{DD8E83DB-8D5A-4BE0-A35E-7E5F12E73A3B}.Debug|ARM.Build.0 = Debug|Any CPU
		{DD8E83DB-8D5A-4BE0-A35E-7E5F12E73A3B}.Debug|ARM64.ActiveCfg = Debug|Any CPU
		{DD8E83DB-8D5A-4BE0-A35E-7E5F12E73A3B}.Debug|ARM64.Build.0 = Debug|Any CPU
		{DD8E83DB-8D5A-4BE0-A35E-7E5F12E73A3B}.Debug|x64.ActiveCfg = Debug|Any CPU
		{DD8E83DB-8D5A-4BE0-A35E-7E5F12E73A3B}.Debug|x64.Build.0 = Debug|Any CPU
		{DD8E83DB-8D5A-4BE0-A35E-7E5F12E73A3B}.Debug|x86.ActiveCfg = Debug|Any CPU
		{DD8E83DB-8D5A-4BE0-A35E-7E5F12E73A3B}.Debug|x86.Build.0 = Debug|Any CPU
		{DD8E83DB-8D5A-4BE0-A35E-7E5F12E73A3B}.Release|Any CPU.ActiveCfg = Release|Any CPU
		{DD8E83DB-8D5A-4BE0-A35E-7E5F12E73A3B}.Release|Any CPU.Build.0 = Release|Any CPU
		{DD8E83DB-8D5A-4BE0-A35E-7E5F12E73A3B}.Release|ARM.ActiveCfg = Release|Any CPU
		{DD8E83DB-8D5A-4BE0-A35E-7E5F12E73A3B}.Release|ARM.Build.0 = Release|Any CPU
		{DD8E83DB-8D5A-4BE0-A35E-7E5F12E73A3B}.Release|ARM64.ActiveCfg = Release|Any CPU
		{DD8E83DB-8D5A-4BE0-A35E-7E5F12E73A3B}.Release|ARM64.Build.0 = Release|Any CPU
		{DD8E83DB-8D5A-4BE0-A35E-7E5F12E73A3B}.Release|x64.ActiveCfg = Release|Any CPU
		{DD8E83DB-8D5A-4BE0-A35E-7E5F12E73A3B}.Release|x64.Build.0 = Release|Any CPU
		{DD8E83DB-8D5A-4BE0-A35E-7E5F12E73A3B}.Release|x86.ActiveCfg = Release|Any CPU
		{DD8E83DB-8D5A-4BE0-A35E-7E5F12E73A3B}.Release|x86.Build.0 = Release|Any CPU
		{CA6B520B-B1BA-4C2C-844E-43FE3BC12969}.Debug|Any CPU.ActiveCfg = Debug|Any CPU
		{CA6B520B-B1BA-4C2C-844E-43FE3BC12969}.Debug|Any CPU.Build.0 = Debug|Any CPU
		{CA6B520B-B1BA-4C2C-844E-43FE3BC12969}.Debug|ARM.ActiveCfg = Debug|Any CPU
		{CA6B520B-B1BA-4C2C-844E-43FE3BC12969}.Debug|ARM.Build.0 = Debug|Any CPU
		{CA6B520B-B1BA-4C2C-844E-43FE3BC12969}.Debug|ARM64.ActiveCfg = Debug|Any CPU
		{CA6B520B-B1BA-4C2C-844E-43FE3BC12969}.Debug|ARM64.Build.0 = Debug|Any CPU
		{CA6B520B-B1BA-4C2C-844E-43FE3BC12969}.Debug|x64.ActiveCfg = Debug|Any CPU
		{CA6B520B-B1BA-4C2C-844E-43FE3BC12969}.Debug|x64.Build.0 = Debug|Any CPU
		{CA6B520B-B1BA-4C2C-844E-43FE3BC12969}.Debug|x86.ActiveCfg = Debug|Any CPU
		{CA6B520B-B1BA-4C2C-844E-43FE3BC12969}.Debug|x86.Build.0 = Debug|Any CPU
		{CA6B520B-B1BA-4C2C-844E-43FE3BC12969}.Release|Any CPU.ActiveCfg = Release|Any CPU
		{CA6B520B-B1BA-4C2C-844E-43FE3BC12969}.Release|Any CPU.Build.0 = Release|Any CPU
		{CA6B520B-B1BA-4C2C-844E-43FE3BC12969}.Release|ARM.ActiveCfg = Release|Any CPU
		{CA6B520B-B1BA-4C2C-844E-43FE3BC12969}.Release|ARM.Build.0 = Release|Any CPU
		{CA6B520B-B1BA-4C2C-844E-43FE3BC12969}.Release|ARM64.ActiveCfg = Release|Any CPU
		{CA6B520B-B1BA-4C2C-844E-43FE3BC12969}.Release|ARM64.Build.0 = Release|Any CPU
		{CA6B520B-B1BA-4C2C-844E-43FE3BC12969}.Release|x64.ActiveCfg = Release|Any CPU
		{CA6B520B-B1BA-4C2C-844E-43FE3BC12969}.Release|x64.Build.0 = Release|Any CPU
		{CA6B520B-B1BA-4C2C-844E-43FE3BC12969}.Release|x86.ActiveCfg = Release|Any CPU
		{CA6B520B-B1BA-4C2C-844E-43FE3BC12969}.Release|x86.Build.0 = Release|Any CPU
		{DE00CD81-50AE-4316-BF1F-6C29F510C05B}.Debug|Any CPU.ActiveCfg = Debug|Any CPU
		{DE00CD81-50AE-4316-BF1F-6C29F510C05B}.Debug|Any CPU.Build.0 = Debug|Any CPU
		{DE00CD81-50AE-4316-BF1F-6C29F510C05B}.Debug|ARM.ActiveCfg = Debug|Any CPU
		{DE00CD81-50AE-4316-BF1F-6C29F510C05B}.Debug|ARM.Build.0 = Debug|Any CPU
		{DE00CD81-50AE-4316-BF1F-6C29F510C05B}.Debug|ARM64.ActiveCfg = Debug|Any CPU
		{DE00CD81-50AE-4316-BF1F-6C29F510C05B}.Debug|ARM64.Build.0 = Debug|Any CPU
		{DE00CD81-50AE-4316-BF1F-6C29F510C05B}.Debug|x64.ActiveCfg = Debug|Any CPU
		{DE00CD81-50AE-4316-BF1F-6C29F510C05B}.Debug|x64.Build.0 = Debug|Any CPU
		{DE00CD81-50AE-4316-BF1F-6C29F510C05B}.Debug|x86.ActiveCfg = Debug|Any CPU
		{DE00CD81-50AE-4316-BF1F-6C29F510C05B}.Debug|x86.Build.0 = Debug|Any CPU
		{DE00CD81-50AE-4316-BF1F-6C29F510C05B}.Release|Any CPU.ActiveCfg = Release|Any CPU
		{DE00CD81-50AE-4316-BF1F-6C29F510C05B}.Release|Any CPU.Build.0 = Release|Any CPU
		{DE00CD81-50AE-4316-BF1F-6C29F510C05B}.Release|ARM.ActiveCfg = Release|Any CPU
		{DE00CD81-50AE-4316-BF1F-6C29F510C05B}.Release|ARM.Build.0 = Release|Any CPU
		{DE00CD81-50AE-4316-BF1F-6C29F510C05B}.Release|ARM64.ActiveCfg = Release|Any CPU
		{DE00CD81-50AE-4316-BF1F-6C29F510C05B}.Release|ARM64.Build.0 = Release|Any CPU
		{DE00CD81-50AE-4316-BF1F-6C29F510C05B}.Release|x64.ActiveCfg = Release|Any CPU
		{DE00CD81-50AE-4316-BF1F-6C29F510C05B}.Release|x64.Build.0 = Release|Any CPU
		{DE00CD81-50AE-4316-BF1F-6C29F510C05B}.Release|x86.ActiveCfg = Release|Any CPU
		{DE00CD81-50AE-4316-BF1F-6C29F510C05B}.Release|x86.Build.0 = Release|Any CPU
		{D0489E58-54BE-4E85-8C01-3A1DA93126B3}.Debug|Any CPU.ActiveCfg = Debug|Any CPU
		{D0489E58-54BE-4E85-8C01-3A1DA93126B3}.Debug|Any CPU.Build.0 = Debug|Any CPU
		{D0489E58-54BE-4E85-8C01-3A1DA93126B3}.Debug|ARM.ActiveCfg = Debug|Any CPU
		{D0489E58-54BE-4E85-8C01-3A1DA93126B3}.Debug|ARM.Build.0 = Debug|Any CPU
		{D0489E58-54BE-4E85-8C01-3A1DA93126B3}.Debug|ARM64.ActiveCfg = Debug|Any CPU
		{D0489E58-54BE-4E85-8C01-3A1DA93126B3}.Debug|ARM64.Build.0 = Debug|Any CPU
		{D0489E58-54BE-4E85-8C01-3A1DA93126B3}.Debug|x64.ActiveCfg = Debug|Any CPU
		{D0489E58-54BE-4E85-8C01-3A1DA93126B3}.Debug|x64.Build.0 = Debug|Any CPU
		{D0489E58-54BE-4E85-8C01-3A1DA93126B3}.Debug|x86.ActiveCfg = Debug|Any CPU
		{D0489E58-54BE-4E85-8C01-3A1DA93126B3}.Debug|x86.Build.0 = Debug|Any CPU
		{D0489E58-54BE-4E85-8C01-3A1DA93126B3}.Release|Any CPU.ActiveCfg = Release|Any CPU
		{D0489E58-54BE-4E85-8C01-3A1DA93126B3}.Release|Any CPU.Build.0 = Release|Any CPU
		{D0489E58-54BE-4E85-8C01-3A1DA93126B3}.Release|ARM.ActiveCfg = Release|Any CPU
		{D0489E58-54BE-4E85-8C01-3A1DA93126B3}.Release|ARM.Build.0 = Release|Any CPU
		{D0489E58-54BE-4E85-8C01-3A1DA93126B3}.Release|ARM64.ActiveCfg = Release|Any CPU
		{D0489E58-54BE-4E85-8C01-3A1DA93126B3}.Release|ARM64.Build.0 = Release|Any CPU
		{D0489E58-54BE-4E85-8C01-3A1DA93126B3}.Release|x64.ActiveCfg = Release|Any CPU
		{D0489E58-54BE-4E85-8C01-3A1DA93126B3}.Release|x64.Build.0 = Release|Any CPU
		{D0489E58-54BE-4E85-8C01-3A1DA93126B3}.Release|x86.ActiveCfg = Release|Any CPU
		{D0489E58-54BE-4E85-8C01-3A1DA93126B3}.Release|x86.Build.0 = Release|Any CPU
		{AC5DB2BE-164C-46D7-A1A7-79E898C05AAE}.Debug|Any CPU.ActiveCfg = Debug|Any CPU
		{AC5DB2BE-164C-46D7-A1A7-79E898C05AAE}.Debug|Any CPU.Build.0 = Debug|Any CPU
		{AC5DB2BE-164C-46D7-A1A7-79E898C05AAE}.Debug|ARM.ActiveCfg = Debug|Any CPU
		{AC5DB2BE-164C-46D7-A1A7-79E898C05AAE}.Debug|ARM.Build.0 = Debug|Any CPU
		{AC5DB2BE-164C-46D7-A1A7-79E898C05AAE}.Debug|ARM64.ActiveCfg = Debug|Any CPU
		{AC5DB2BE-164C-46D7-A1A7-79E898C05AAE}.Debug|ARM64.Build.0 = Debug|Any CPU
		{AC5DB2BE-164C-46D7-A1A7-79E898C05AAE}.Debug|x64.ActiveCfg = Debug|Any CPU
		{AC5DB2BE-164C-46D7-A1A7-79E898C05AAE}.Debug|x64.Build.0 = Debug|Any CPU
		{AC5DB2BE-164C-46D7-A1A7-79E898C05AAE}.Debug|x86.ActiveCfg = Debug|Any CPU
		{AC5DB2BE-164C-46D7-A1A7-79E898C05AAE}.Debug|x86.Build.0 = Debug|Any CPU
		{AC5DB2BE-164C-46D7-A1A7-79E898C05AAE}.Release|Any CPU.ActiveCfg = Release|Any CPU
		{AC5DB2BE-164C-46D7-A1A7-79E898C05AAE}.Release|Any CPU.Build.0 = Release|Any CPU
		{AC5DB2BE-164C-46D7-A1A7-79E898C05AAE}.Release|ARM.ActiveCfg = Release|Any CPU
		{AC5DB2BE-164C-46D7-A1A7-79E898C05AAE}.Release|ARM.Build.0 = Release|Any CPU
		{AC5DB2BE-164C-46D7-A1A7-79E898C05AAE}.Release|ARM64.ActiveCfg = Release|Any CPU
		{AC5DB2BE-164C-46D7-A1A7-79E898C05AAE}.Release|ARM64.Build.0 = Release|Any CPU
		{AC5DB2BE-164C-46D7-A1A7-79E898C05AAE}.Release|x64.ActiveCfg = Release|Any CPU
		{AC5DB2BE-164C-46D7-A1A7-79E898C05AAE}.Release|x64.Build.0 = Release|Any CPU
		{AC5DB2BE-164C-46D7-A1A7-79E898C05AAE}.Release|x86.ActiveCfg = Release|Any CPU
		{AC5DB2BE-164C-46D7-A1A7-79E898C05AAE}.Release|x86.Build.0 = Release|Any CPU
		{81F7B481-13E2-4C68-88B5-F88CAE7A5CFD}.Debug|Any CPU.ActiveCfg = Debug|Any CPU
		{81F7B481-13E2-4C68-88B5-F88CAE7A5CFD}.Debug|Any CPU.Build.0 = Debug|Any CPU
		{81F7B481-13E2-4C68-88B5-F88CAE7A5CFD}.Debug|ARM.ActiveCfg = Debug|Any CPU
		{81F7B481-13E2-4C68-88B5-F88CAE7A5CFD}.Debug|ARM.Build.0 = Debug|Any CPU
		{81F7B481-13E2-4C68-88B5-F88CAE7A5CFD}.Debug|ARM64.ActiveCfg = Debug|Any CPU
		{81F7B481-13E2-4C68-88B5-F88CAE7A5CFD}.Debug|ARM64.Build.0 = Debug|Any CPU
		{81F7B481-13E2-4C68-88B5-F88CAE7A5CFD}.Debug|x64.ActiveCfg = Debug|Any CPU
		{81F7B481-13E2-4C68-88B5-F88CAE7A5CFD}.Debug|x64.Build.0 = Debug|Any CPU
		{81F7B481-13E2-4C68-88B5-F88CAE7A5CFD}.Debug|x86.ActiveCfg = Debug|Any CPU
		{81F7B481-13E2-4C68-88B5-F88CAE7A5CFD}.Debug|x86.Build.0 = Debug|Any CPU
		{81F7B481-13E2-4C68-88B5-F88CAE7A5CFD}.Release|Any CPU.ActiveCfg = Release|Any CPU
		{81F7B481-13E2-4C68-88B5-F88CAE7A5CFD}.Release|Any CPU.Build.0 = Release|Any CPU
		{81F7B481-13E2-4C68-88B5-F88CAE7A5CFD}.Release|ARM.ActiveCfg = Release|Any CPU
		{81F7B481-13E2-4C68-88B5-F88CAE7A5CFD}.Release|ARM.Build.0 = Release|Any CPU
		{81F7B481-13E2-4C68-88B5-F88CAE7A5CFD}.Release|ARM64.ActiveCfg = Release|Any CPU
		{81F7B481-13E2-4C68-88B5-F88CAE7A5CFD}.Release|ARM64.Build.0 = Release|Any CPU
		{81F7B481-13E2-4C68-88B5-F88CAE7A5CFD}.Release|x64.ActiveCfg = Release|Any CPU
		{81F7B481-13E2-4C68-88B5-F88CAE7A5CFD}.Release|x64.Build.0 = Release|Any CPU
		{81F7B481-13E2-4C68-88B5-F88CAE7A5CFD}.Release|x86.ActiveCfg = Release|Any CPU
		{81F7B481-13E2-4C68-88B5-F88CAE7A5CFD}.Release|x86.Build.0 = Release|Any CPU
		{59F4C3FE-989A-43BC-88F0-EABA0E2FD9FD}.Debug|Any CPU.ActiveCfg = Debug|Any CPU
		{59F4C3FE-989A-43BC-88F0-EABA0E2FD9FD}.Debug|Any CPU.Build.0 = Debug|Any CPU
		{59F4C3FE-989A-43BC-88F0-EABA0E2FD9FD}.Debug|ARM.ActiveCfg = Debug|Any CPU
		{59F4C3FE-989A-43BC-88F0-EABA0E2FD9FD}.Debug|ARM.Build.0 = Debug|Any CPU
		{59F4C3FE-989A-43BC-88F0-EABA0E2FD9FD}.Debug|ARM64.ActiveCfg = Debug|Any CPU
		{59F4C3FE-989A-43BC-88F0-EABA0E2FD9FD}.Debug|ARM64.Build.0 = Debug|Any CPU
		{59F4C3FE-989A-43BC-88F0-EABA0E2FD9FD}.Debug|x64.ActiveCfg = Debug|Any CPU
		{59F4C3FE-989A-43BC-88F0-EABA0E2FD9FD}.Debug|x64.Build.0 = Debug|Any CPU
		{59F4C3FE-989A-43BC-88F0-EABA0E2FD9FD}.Debug|x86.ActiveCfg = Debug|Any CPU
		{59F4C3FE-989A-43BC-88F0-EABA0E2FD9FD}.Debug|x86.Build.0 = Debug|Any CPU
		{59F4C3FE-989A-43BC-88F0-EABA0E2FD9FD}.Release|Any CPU.ActiveCfg = Release|Any CPU
		{59F4C3FE-989A-43BC-88F0-EABA0E2FD9FD}.Release|Any CPU.Build.0 = Release|Any CPU
		{59F4C3FE-989A-43BC-88F0-EABA0E2FD9FD}.Release|ARM.ActiveCfg = Release|Any CPU
		{59F4C3FE-989A-43BC-88F0-EABA0E2FD9FD}.Release|ARM.Build.0 = Release|Any CPU
		{59F4C3FE-989A-43BC-88F0-EABA0E2FD9FD}.Release|ARM64.ActiveCfg = Release|Any CPU
		{59F4C3FE-989A-43BC-88F0-EABA0E2FD9FD}.Release|ARM64.Build.0 = Release|Any CPU
		{59F4C3FE-989A-43BC-88F0-EABA0E2FD9FD}.Release|x64.ActiveCfg = Release|Any CPU
		{59F4C3FE-989A-43BC-88F0-EABA0E2FD9FD}.Release|x64.Build.0 = Release|Any CPU
		{59F4C3FE-989A-43BC-88F0-EABA0E2FD9FD}.Release|x86.ActiveCfg = Release|Any CPU
		{59F4C3FE-989A-43BC-88F0-EABA0E2FD9FD}.Release|x86.Build.0 = Release|Any CPU
		{3223718C-3ADD-408F-8556-E5EF032445AE}.Debug|Any CPU.ActiveCfg = Debug|Any CPU
		{3223718C-3ADD-408F-8556-E5EF032445AE}.Debug|Any CPU.Build.0 = Debug|Any CPU
		{3223718C-3ADD-408F-8556-E5EF032445AE}.Debug|ARM.ActiveCfg = Debug|Any CPU
		{3223718C-3ADD-408F-8556-E5EF032445AE}.Debug|ARM.Build.0 = Debug|Any CPU
		{3223718C-3ADD-408F-8556-E5EF032445AE}.Debug|ARM64.ActiveCfg = Debug|Any CPU
		{3223718C-3ADD-408F-8556-E5EF032445AE}.Debug|ARM64.Build.0 = Debug|Any CPU
		{3223718C-3ADD-408F-8556-E5EF032445AE}.Debug|x64.ActiveCfg = Debug|Any CPU
		{3223718C-3ADD-408F-8556-E5EF032445AE}.Debug|x64.Build.0 = Debug|Any CPU
		{3223718C-3ADD-408F-8556-E5EF032445AE}.Debug|x86.ActiveCfg = Debug|Any CPU
		{3223718C-3ADD-408F-8556-E5EF032445AE}.Debug|x86.Build.0 = Debug|Any CPU
		{3223718C-3ADD-408F-8556-E5EF032445AE}.Release|Any CPU.ActiveCfg = Release|Any CPU
		{3223718C-3ADD-408F-8556-E5EF032445AE}.Release|Any CPU.Build.0 = Release|Any CPU
		{3223718C-3ADD-408F-8556-E5EF032445AE}.Release|ARM.ActiveCfg = Release|Any CPU
		{3223718C-3ADD-408F-8556-E5EF032445AE}.Release|ARM.Build.0 = Release|Any CPU
		{3223718C-3ADD-408F-8556-E5EF032445AE}.Release|ARM64.ActiveCfg = Release|Any CPU
		{3223718C-3ADD-408F-8556-E5EF032445AE}.Release|ARM64.Build.0 = Release|Any CPU
		{3223718C-3ADD-408F-8556-E5EF032445AE}.Release|x64.ActiveCfg = Release|Any CPU
		{3223718C-3ADD-408F-8556-E5EF032445AE}.Release|x64.Build.0 = Release|Any CPU
		{3223718C-3ADD-408F-8556-E5EF032445AE}.Release|x86.ActiveCfg = Release|Any CPU
		{3223718C-3ADD-408F-8556-E5EF032445AE}.Release|x86.Build.0 = Release|Any CPU
	EndGlobalSection
	GlobalSection(SolutionProperties) = preSolution
		HideSolutionNode = FALSE
	EndGlobalSection
	GlobalSection(ExtensibilityGlobals) = postSolution
		SolutionGuid = {F8F6B7E9-8989-4E2F-9E7B-F0983A8575C6}
	EndGlobalSection
EndGlobal
